# This file is automatically @generated by Poetry 1.8.2 and should not be changed by hand.

[[package]]
name = "pluto-base"
version = "0.0.2"
description = "The Base Library for Pluto Programming Language."
optional = false
python-versions = "*"
files = [
    {file = "pluto-base-0.0.2.tar.gz", hash = "sha256:ade1f93de10201c2daa84c4a02828bc9ce464a3755b8b3492a5ba0709d01cf8c"},
    {file = "pluto_base-0.0.2-py3-none-any.whl", hash = "sha256:f72855c06b94c46a5aad6309a42167a8034e241f5db1b21ba80c49872e5f7144"},
]

[metadata]
lock-version = "2.0"
python-versions = "^3.10"
content-hash = "49ff828fbe8439939076c1c0f9c9b3c678aecf1ae668daaa84992afcd439f04e"
