# This file is automatically @generated by Poetry 1.8.3 and should not be changed by hand.

[[package]]
name = "pluto-base"
version = "0.0.3"
description = "The Base Library for Pluto Programming Language."
optional = false
python-versions = "<4.0,>=3.10"
files = [
    {file = "pluto_base-0.0.3-py3-none-any.whl", hash = "sha256:5d7bf22ffdd3b3a5091194c2db323b0fbd2291b3e97ac13d8cbe19aaa0525758"},
    {file = "pluto_base-0.0.3.tar.gz", hash = "sha256:05be5ef7a33afbed33bd5b3e3fc3e080af5cffc3b2c0bd9f24c72e1fc965fe89"},
]

[metadata]
lock-version = "2.0"
python-versions = "^3.10"
content-hash = "c107611ca9a67866295f0541608073e4c70589371653a6d0a2a8c1e0e478056d"
